packages:
- package: dbt-labs/dbt_external_tables
  version: 0.8.2
- package: dbt-labs/codegen
  version: 0.9.0
- package: dbt-labs/dbt_utils
  version: 1.0.0
- package: dbt-labs/redshift
  version: 0.8.0
- package: Snowflake-Labs/dbt_constraints
  version: 0.6.3
sha1_hash: c36f316825b09a0bbe322f27ab8bc0c20c000bd1
